{
  "version": 3,
  "mopsTomlDepsHash": "c8f396d385bbc34b078c64329e65300240b758fd41b0ab7570fde9982ad8ef2e",
  "deps": {
    "base": "0.16.0",
    "ic": "3.2.0",
    "cbor": "4.1.0",
    "core@1": "1.0.0",
    "xtended-numbers@2": "2.1.0",
    "buffer@0": "0.1.0",
    "base@0": "0.16.0",
    "ed25519": "0.1.0",
    "sha2": "0.1.14",
    "core": "2.2.0",
    "sha3": "0.1.1",
    "iterext": "https://github.com/timohanke/motoko-iterext#v2.0.0",
    "ecdsa": "7.1.0",
    "sha2@0": "0.1.6",
    "asn1@3": "3.1.0",
    "xtended-iter@1": "1.1.0",
    "base-x-encoder@2": "2.1.0",
    "hmac": "1.1.0",
    "chacha": "1.0.1",
    "vector": "0.4.1",
    "ic-vetkeys": "0.4.0",
    "test": "2.1.2"
  },
  "hashes": {
    "base@0.16.0": {
      "base@0.16.0/src/Blob.mo": "61a48166c8bdc4cf1220fd11f645566699fa064a2b2aa8174388aae4eef6a532",
      "base@0.16.0/README.md": "f861762bc648759297be91a82981acfb2a160f9e1cfee063526b640b05a9c435",
      "base@0.16.0/src/Array.mo": "dbf9ed7bfccb959356ee5250da58b43c2ddb1ee68173be04b365c5317564e134",
      "base@0.16.0/mops.toml": "49dc97853e23e5463322b656ccc29b2c090dafac91136d3bea282810e63f357d",
      "base@0.16.0/NOTICE": "3960a8d25fa5fc909325817b08b36c1146970930ca15b6352f8ea6db803cab47",
      "base@0.16.0/src/AssocList.mo": "e2e123d96d907ada614435ecef9a223678db79f3b0a411d85e59d5c0a6566438",
      "base@0.16.0/LICENSE": "166bd8e8cf7790087d1fd18a9fa4d060cc0d0b3e5ab30689aa5f3a59a93386bf",
      "base@0.16.0/src/Buffer.mo": "fdb20bbec95107f48974c706ed3420be8507e3654fd9371036b7416b45821388",
      "base@0.16.0/src/Bool.mo": "65faf01dc6e3609ed2f729b813811506951adcce71c081fc6edcdbae4c8b1169",
      "base@0.16.0/src/CertifiedData.mo": "e2911a6cb533ba85ff345987d91ba92730a80ca9b6729c0b0ae1dd4631765e12",
      "base@0.16.0/src/ExperimentalCycles.mo": "2e905451f9e3bfb6982de5a49a2dfa3859c2bb7e0739557f93480debcab8ffef",
      "base@0.16.0/src/Deque.mo": "47cac83b96adaf0d49a93f9766ed0844769b899a9b7982d46b4998157889abba",
      "base@0.16.0/src/Debug.mo": "ccccd690e0f61caac42cb75d9eb23fdbdae67053fbd8b33d47fa101dfc9af3e5",
      "base@0.16.0/src/Char.mo": "93d9e300a2a9ed72c8a1e50288b3af4cb2c6cdd31988f200dc167e3bbfe5824a",
      "base@0.16.0/src/Error.mo": "b64274e5a5dcfbf74a55ef8c2b969ff4cdd856656849ec2eb5b964c3d1ad1bf5",
      "base@0.16.0/src/ExperimentalInternetComputer.mo": "9a665385f030b54c2086cebd42ae29262c00989059586242a84a4a4f6a06f1f4",
      "base@0.16.0/src/Float.mo": "86d527bcc778e4520f14d47677fd24633b6a44125ec715a0368d718a1ee3d405",
      "base@0.16.0/src/Func.mo": "a1a6cfb5b1910916b610d00c05d2cc9b56a2b55ad55533583aa9e705cb82a4ed",
      "base@0.16.0/src/ExperimentalStableMemory.mo": "d28fb9f603fd9ebb406bc848590564b471c19cc082bbbc76c8487f0e7b211257",
      "base@0.16.0/src/Hash.mo": "7546b8e08c410e705c9fb0329b3f893ca24dda72cc4ed8f2013d7c546e8beb5c",
      "base@0.16.0/src/HashMap.mo": "0de8c3ddafe0f73d62cbe2bec33d78b78e975cfc5df385d763e73d86cfe3a899",
      "base@0.16.0/src/Heap.mo": "e5c90141bda1375535f00c16b448a2328856f9673a1dc9688a2b11e3dfc8bed6",
      "base@0.16.0/src/Int.mo": "c04aeea43aeda1fde3007978589967429acc152cab3132af8ef0ca288416d97d",
      "base@0.16.0/src/Int32.mo": "b50026ebc57842f95a1455c865ca736eab14db54856b8810f3e8ae9227688d7f",
      "base@0.16.0/src/Int16.mo": "51772524e6277db86d27a6b4bb2789145bd5ef72097fd7540a51eacb71fcba16",
      "base@0.16.0/src/Int64.mo": "55558f9ffa00dd336a7658c3a34800dcea9730232ff3132ddf2b2ce507ec648f",
      "base@0.16.0/src/IterType.mo": "53c840d79e7aa6eefd00552ad9ecca820f8f3be14e070c905df472893f7b4fbd",
      "base@0.16.0/src/Int8.mo": "44e98af88ecef25ff557b130118277ac9f9bfa151699b0b42e61e7b155f2b243",
      "base@0.16.0/src/Iter.mo": "24e490f94569d708e1c979fb798feb200665bb973a29bb2cb9210148a77d2cb4",
      "base@0.16.0/src/List.mo": "961bed7fa13d0f3aa88189ceb51e5a7aeaa9b475d0857c941b2c4fec19a70656",
      "base@0.16.0/src/Nat.mo": "4180a4f92deafd7674a68427f0e250a1022c42942b435405e6f2459bce0b5536",
      "base@0.16.0/src/Nat32.mo": "53b5530b7becc07bb4c0398cd805076d10a70cbb306a0b4ce628b9a755d068fd",
      "base@0.16.0/src/Nat16.mo": "787af029de5f2a5446b3c5b58ed5c07baaef2febf98d6e74c5422cac753d5d60",
      "base@0.16.0/src/Nat64.mo": "1f5f430978ff0c27c2608e0d976573ad0864ddc8816714ddc9691141b4bed4bd",
      "base@0.16.0/src/Option.mo": "8135b09bab4bd3a9536692cb09fbf170f3c4cbce01eea645ecbcd0368cdf834a",
      "base@0.16.0/src/None.mo": "6072c7d392b6e43c245912ed6a30f3f46f9268de5aa146848f1bf0fd5218af3e",
      "base@0.16.0/src/Order.mo": "2d7c2f21b967e26cfb26441138779c44652476eb717fdb5ed8fb5397c54528f8",
      "base@0.16.0/src/Nat8.mo": "08db31b1cb511656df9fa50ad1ec0d42f256a6e14344896ad11b7ea1bc577b80",
      "base@0.16.0/src/OrderedMap.mo": "0a48d759795ee87f23df1f9d7280f9fc8c126852eacc82daf4e58e4c047b767d",
      "base@0.16.0/src/Principal.mo": "d82643351555e44690dfc10c16011b14010000431e63c30a1ec37265f5fc46d2",
      "base@0.16.0/src/Prelude.mo": "5a4636d33c6937279462c460e3bc1ececd14a80569a2a51fa55d3968f7bda553",
      "base@0.16.0/src/OrderedSet.mo": "cc9fb6ffad0d95b123c55c5f6b3493245852f031081901c13caf52df04411e6c",
      "base@0.16.0/src/Random.mo": "4fffac74e85d64b2579647144ff2b40e358610ddeda23ebf9354eb1d98917803",
      "base@0.16.0/src/Region.mo": "8579f4296e26f29b565830301097d650699535131da663e1a8bca89432295754",
      "base@0.16.0/src/Stack.mo": "992f6bd77d5ac3e4281a85a2ac96cfb04abb5b794bf8e9e08c3b558f516233f5",
      "base@0.16.0/src/RBTree.mo": "f9ad44d8bb82f55691eeef5f50b2e976d3c18e4399e950cbdcb59e91582622d7",
      "base@0.16.0/src/Result.mo": "9909afee7a1f066b25105469808c06c154611428a9a909bcf3089a501181fa5a",
      "base@0.16.0/src/Timer.mo": "ec1e126f05dc94a2e229dd3572b04e92e9265762d52d2c99ca8df8656e4f7788",
      "base@0.16.0/src/Time.mo": "4336ac0d6d9d8f516a1ba6794eb5e3577ecd3aa2aedabd09892dc7b8554b73f8",
      "base@0.16.0/src/Text.mo": "0abd4063229262cb2e3d658937ad000155a9eff1656412ddd9502a4d606c8cfa",
      "base@0.16.0/src/TrieMap.mo": "f09aab78476ffd158f8ab789e0692ad61aa9b1f4ac6ff3af30cdac5f5c30a7e4",
      "base@0.16.0/src/Trie.mo": "3ca67f2527afaf5e663bd7b227384d0b20d0ea0cfc7c532e5d95a625c0d0d6bb",
      "base@0.16.0/src/TrieSet.mo": "9c8c1821582b344de6f3910f417527ec0b565876eb2d9da09455af05117ed45a"
    },
    "ic@3.2.0": {
      "ic@3.2.0/src/lib.mo": "5c94c2fd09d5e3fcb571597178a5bbee152ef5f1e3a791f9c6801722bf8c2628",
      "ic@3.2.0/LICENSE": "b0c603803f7aa8275dcb0502968f96725b151a4f7108549584045d79ba0ec14f",
      "ic@3.2.0/mops.toml": "f02cfc282d9f9dd38174c150078149ee0f25309420b4a86b8c7f06919ff51a68",
      "ic@3.2.0/src/Call.mo": "777f4075b8c06cb5a04dddcc9714538583e7402bcccff00da622c9fd487016b5",
      "ic@3.2.0/README.md": "ee31014512a711643e1c93bd0a10f9af29901449b07b12a798068d755da05e8c"
    },
    "cbor@4.1.0": {
      "cbor@4.1.0/src/Types.mo": "8f22e4cc001405e941327100b47d6ecf46c70b8504cbf8017286fe4661b57bdf",
      "cbor@4.1.0/LICENSE": "7caf02fc1ac48db886244237e0fa148cea6c360daabcbccd3e6d26da422bb06b",
      "cbor@4.1.0/mops.toml": "8024dc365449e2eb2cdc6a28824c1a31408be08f143763d4f2789732e5bcbead",
      "cbor@4.1.0/README.md": "1708052f3e98b90fd2b697b42cb8262bc3c9d790d467e44626f9355667c2ae7c",
      "cbor@4.1.0/src/lib.mo": "943c52f30a354e60650a1f8fdd7f45960d4aa66c492e5b241329287007594cbf",
      "cbor@4.1.0/src/Decoder.mo": "23681953e7655e0fc8afe4b933518c5020c12d1a8238da83dfecbfca77094de4",
      "cbor@4.1.0/src/Encoder.mo": "748b2e2b0bc156ad6b2569ca884dc7ab86149e74b5cca3fadfab0e7b5aa3bd69"
    },
    "core@1.0.0": {
      "core@1.0.0/src/Array.mo": "7cc453a2d20a3dae84c54f2c4a2db6db7b454f6fca0ba23e6440d324c2a68f3f",
      "core@1.0.0/LICENSE": "840e3d57a38a8061f55d04470fbd58b9345326fa04ea10ee42add5c6e3b2aa08",
      "core@1.0.0/NOTICE": "d62ca4ef9e2c9df064115c339013593cf0769e2b9dc78fa4b3211222541c7f83",
      "core@1.0.0/src/Blob.mo": "58fe96119602151a6816db9817bfd3062526e15fac49c2a259fd2a5061266775",
      "core@1.0.0/src/Bool.mo": "a13590c559c53109e79ffff7de0506e59f1f93754ef2d0efa1df9baaf1751e95",
      "core@1.0.0/mops.toml": "e8e16f2bd5c257b4626c18276930283ac6c156ebc39619dae8da076f23fd1c5c",
      "core@1.0.0/README.md": "184efbd57d9792ca0275a7a66caeb920181001e46e63aa7b70f180e001a2a838",
      "core@1.0.0/src/CertifiedData.mo": "5af3182d77ab7aab2384d1f663a8cd992bbd6652aacff29c443314cf2186328f",
      "core@1.0.0/src/Char.mo": "0d1146320d21048cd49663c9838b1a6ce7ec1add1ad256b51a1eac4bbe3f6be8",
      "core@1.0.0/src/Error.mo": "fb53abc8de032fa421e327a7fb4880345b7b8e91bbb84d9183d2172b7a9ec773",
      "core@1.0.0/src/Debug.mo": "5c9398296ea0a913e2f356a3e169bb56df817248036aaa5c97507d29915143cf",
      "core@1.0.0/src/Cycles.mo": "9f5c1fceea47f05c43f22a1c25e8753fb7e552e36106d27bceef24b1310f4cbc",
      "core@1.0.0/src/Int.mo": "17c36cc01d325ab430c372328abec9d9defa0e81e3c2de7613735ca9588597fc",
      "core@1.0.0/src/Float.mo": "20beea2c0d9039593cc28c638e289f42b3f5a9405b9a43c1fc76571cbb0e6f5d",
      "core@1.0.0/src/Func.mo": "c00d06b15e3376821020ceaaffae2a70bf206c672e746459ba1079adc6d1a619",
      "core@1.0.0/src/Int16.mo": "5102cbb40ff1ecdc005bdc96ded6ef3619aa840526d2b243c0463dbb758aa4a8",
      "core@1.0.0/src/Int32.mo": "6fb63738e2482ee6b361745a7c0b03f684cdfcfa578e1bae53a9e0df527f1f72",
      "core@1.0.0/src/Int64.mo": "05d49bb8a25ef1f49e8a164fd5a63cc03fd56c1bbb91f1b6d5096ba9bd9eb23a",
      "core@1.0.0/src/List.mo": "100853bf57dc4b350336695148b3a3ecfc12c75c52b165dcdafc1c05effac6fc",
      "core@1.0.0/src/Int8.mo": "186de373b7857c3d6a6a3814285959e291088e8ae17de4a1bf2bd5e15490d511",
      "core@1.0.0/src/Iter.mo": "6098e63365cabe82046fd0100f53b029cc2693a438d0a7aafc7e930c8bb986b2",
      "core@1.0.0/src/InternetComputer.mo": "20383755c98801e560c17f9aefd9b4eb00463ee598125de1b39f6ae6fc8c60c9",
      "core@1.0.0/src/Nat.mo": "6be73db65c25fed97cd6b37223fac6a7982e8f124651d522aa7999c40159db50",
      "core@1.0.0/src/Map.mo": "bcdb5a6bf2f9b8ba2078707d25155fdab8fc9b92b1d909e749acb8be068f9226",
      "core@1.0.0/src/Nat16.mo": "0f83fbbbd2c4b0c71e9465e67273464faf32f126e59f3417476d536ee7e2ebbc",
      "core@1.0.0/src/Nat32.mo": "e35fccf57b5a5aca880860481388c8d679b2289710a43d9acd5f77ed19984614",
      "core@1.0.0/src/Nat64.mo": "9d8454be0bf9b234f5a5d308a1afdc02bc770a9d0d587bc23f8fba392a21ead9",
      "core@1.0.0/src/Nat8.mo": "02c42e668f0fd95df5f864b4bbede58565a0a0395c6a04f6cb357f83090d245d",
      "core@1.0.0/src/Order.mo": "ebc93dd27cee7befd6e41794fb220f079dfb017145a76d77a225b2fcb3bbfd9e",
      "core@1.0.0/src/Option.mo": "14e4f9d3332f778e0afa922e68852bf8fefcb885f1455770333867d120d64230",
      "core@1.0.0/src/Principal.mo": "2d4ce9cee2fd21cfe2bf236260742d5b35ac4fafaef74204bd068d0ba691b3e5",
      "core@1.0.0/src/Random.mo": "0cb44f437d4e495ac5ae80da2518f5d3ba12fc8cf25a7ca2d8f25c536066dd80",
      "core@1.0.0/src/Queue.mo": "fef65d586af331551fd4602b4a462a891a5ebb7a2b57d0de51b32d4ee10d3fb2",
      "core@1.0.0/src/Region.mo": "c853ca2803d26f650e8e0cc0ba1b219664e7e0fdcea2a747f146f035dc5659dd",
      "core@1.0.0/src/Result.mo": "a3eed6fe0156ac5a10418c13397fab7bcbc803a95cfc12fdb4de159e97f5cc94",
      "core@1.0.0/src/Runtime.mo": "5ac1290bec77ab04ae51df5fdc56ab4c6850823ffcd18e4140dfcc1b5a66cce3",
      "core@1.0.0/src/Stack.mo": "74a904d5d91a3c706c0dd0b73489719e74503510f2ff6fb6017dcf1c14d0ab44",
      "core@1.0.0/src/Tuples.mo": "632c1d344d561df66c7092b13c9009e41f5c73d068f1ae13001ac55353c66376",
      "core@1.0.0/src/Time.mo": "e08d502d5eb3ca0ab7b4cce7322404faf1c72bc2bed7d2ded5a46d6afd80fd39",
      "core@1.0.0/src/Text.mo": "3bd1923e902a08421f71fc6903a4492366d5ffb0206891143edae3b81fee6298",
      "core@1.0.0/src/Types.mo": "fe8ea094b7444977d45cdd3c0a389143f0b84e0567051b6c50b69aac482d1105",
      "core@1.0.0/src/Timer.mo": "dee7c31d1d4fd29794da552a133bcb90fbd29e3ec004407d1d6a16f430ac8151",
      "core@1.0.0/src/Set.mo": "db592ed58c0a333fd50303cf71fb47adf2e0660e0b53364c49a2aef536380db3",
      "core@1.0.0/src/internal/PRNG.mo": "8a93e87baa2b12f613c82394a4a05b425e44a695bbace4ca36f9a1f78be26442",
      "core@1.0.0/src/pure/List.mo": "e4a873f01cd5f923a43b7a4f86924f9348b9102a1b9e6831bfbd7032aa22a244",
      "core@1.0.0/src/VarArray.mo": "2b1649549cf5a4c1c3a5e224b816b060bcb3f85999f9cbbe75db0ef369c2dff6",
      "core@1.0.0/src/internal/BTreeHelper.mo": "20a475baf18f924ee0297fc234469fa0985cdaa31c85ce002b5a921383b0534d",
      "core@1.0.0/src/pure/Queue.mo": "f43869d27e7392074297afd7d271a282c461ee1eb69105b269751ca22070ccce",
      "core@1.0.0/src/pure/Map.mo": "33f63f1878f0474c6669363dde9ff6808ac992fa6353a7051b9a0c0cc7ee8f6c",
      "core@1.0.0/src/pure/Set.mo": "b547cd545ef688f349cd974ccd5c9cfcb11bdc67e8f0ab7d87734ff0f95193c5",
      "core@1.0.0/src/pure/RealTimeQueue.mo": "6e1f9a60d862f0bd214c205f70c98313ebc741f63ab62d3292c0d92d871c100f"
    },
    "xtended-numbers@2.1.0": {
      "xtended-numbers@2.1.0/src/FloatX.mo": "25a4e83103215b7a157bd37c81401fa7bf226b40f49c2cd7d0f406c10608e7fb",
      "xtended-numbers@2.1.0/LICENSE": "7caf02fc1ac48db886244237e0fa148cea6c360daabcbccd3e6d26da422bb06b",
      "xtended-numbers@2.1.0/README.md": "d2e881aef1bcfe216dec7b954f174e086b8b5a7dda9e94d345daeaf254b4c355",
      "xtended-numbers@2.1.0/mops.toml": "06a5529380648a98baed85e4336bf87f9c39668a3b8231984ef3d6dd1a4a49ec",
      "xtended-numbers@2.1.0/src/IntX.mo": "d2cad7689a5ebb1838525869e76f2321bcc74d17ff2b66883af559c59ca3bef8",
      "xtended-numbers@2.1.0/src/NatX.mo": "4e21dd6e80918d3e318e8c366ef9fc5cfa6835e09f870bcac61034736bd9b15f",
      "xtended-numbers@2.1.0/src/Util.mo": "ab75ce5587dfeffc81376777f5de74a301bd300ec4df7db54e5f94b208e4f384"
    },
    "buffer@0.1.0": {
      "buffer@0.1.0/LICENSE": "d29036f192ca54721796c4a5abda5980dd026c43b08cad2dac004d22f5bcde50",
      "buffer@0.1.0/README.md": "997ca71aafccabf4da41269d547e06d7a3e53f55418881178dd369df3eeed7f4",
      "buffer@0.1.0/mops.toml": "29b478ced5ddf863323252cccfa938e0183946e9d94bf01d8ff7a7dfd1ffcb1a",
      "buffer@0.1.0/src/lib.mo": "12ab7e7d3b8f14da06c807aae707d6dae412dc4c447b8e0ee2e1f8e8f1067a48"
    },
    "ed25519@0.1.0": {
      "ed25519@0.1.0/src/const.mo": "58ce598be2d1d7c4fd7bd4a764a1380d8359461e22aac25feba79a5bd93e006a",
      "ed25519@0.1.0/mops.toml": "65dfe892a92c2d0636e796be41f93f10e3b2edca7107c5e4475d4960baf6b77f",
      "ed25519@0.1.0/src/lib.mo": "f696f3629f844eb3adb21e401faa9a1351d32bf713c43f51b40f9db44af28327",
      "ed25519@0.1.0/README.md": "811f4452b565377777d7c92d215820278cabb007301370345148c1121ae44b15",
      "ed25519@0.1.0/src/types.mo": "84a705e359d464513dbfc4aa103edfbf0900be077b08c3b8c6e103ec06303f5e",
      "ed25519@0.1.0/LICENSE": "df373768f1ba2c42c83f7279adf18966ed2e96ad42f472a3e609dec918173ced",
      "ed25519@0.1.0/src/crypto/bigendian.mo": "9d30a40111a50a21de5af3012a4dae0030a427a80960ee6a4a49aa8fcdaa1d87",
      "ed25519@0.1.0/src/utils.mo": "58af36f5d16508a93608e46e892397e25d46987f46b6533ab96bd27a94cf38e4",
      "ed25519@0.1.0/src/crypto/engine32.mo": "718300b43bcd510304f40f4d1a1c886cd6b9b6a71e3e00772d88311a2e478eaa",
      "ed25519@0.1.0/src/crypto/crypto.mo": "c7406f611d8b482c3ce31cb3e4481b811f7fa84ed6eda7f90a202cd3317bef77",
      "ed25519@0.1.0/src/crypto/engine64.mo": "23933fb64007788b7a5997445b73cbdce7a4151edfb718af0ab9a5e59845cbfa",
      "ed25519@0.1.0/src/generator/blob.mo": "32fee3f7e483a62e2adfe96a33186bf8766dd4b666443cd24bebcd3250d60fca",
      "ed25519@0.1.0/src/crypto/iterext.mo": "f8b1abf37d07883853fb9a87993c8e81acdc5ee85472de3c7c7ae8f260765b75",
      "ed25519@0.1.0/src/generator/nat8.mo": "59ca9597e6f9c7b7a635258450be377990c3523c9e7913db57e619dbb2f84bbe",
      "ed25519@0.1.0/src/ed25519.mo": "b6c4c8eb3c8215eb4f3ef4c6a1a33bf4e2718486d06665ac094e0dc032014880"
    },
    "sha2@0.1.14": {
      "sha2@0.1.14/mops.toml": "ba73b13715683357925fb004b66e43a0f3fabb5fdce3028f13d12d4a297b3170",
      "sha2@0.1.14/README.md": "f06ce7acdfabd793202505e744591c6692b54eeb97f97689bc889fd1926a1de0",
      "sha2@0.1.14/src/Sha512.mo": "8b9f809dd637e4490ca7c33a0c6911e4ab853a3c69a8b54304567ff502068559",
      "sha2@0.1.14/LICENSE": "0351aa17e901e2f426698e6199237119a18c8ea1674877e0eb4d694ee9c4b938",
      "sha2@0.1.14/NOTICE": "2a2979e2cb91a7d903c3377ed8031a92e7fd467fd9ddb005f2ae2042ead1b4f1",
      "sha2@0.1.14/src/Sha256.mo": "d7c858eb1c097e9336ace80e754fb45b3c7b8e11884bebce3a228af5b4494c26"
    },
    "core@2.2.0": {
      "core@2.2.0/LICENSE": "840e3d57a38a8061f55d04470fbd58b9345326fa04ea10ee42add5c6e3b2aa08",
      "core@2.2.0/src/Blob.mo": "25d7c07e9786f11ceb8611a32a83b8491769580024054086e4548607a67afbe4",
      "core@2.2.0/mops.toml": "03dde6cef4dd50e0084c9ce8218439c4c1269d24840c03a1823dbbeb7fc0f544",
      "core@2.2.0/NOTICE": "d62ca4ef9e2c9df064115c339013593cf0769e2b9dc78fa4b3211222541c7f83",
      "core@2.2.0/src/Bool.mo": "3b606a6631f28c774e3055bc860201e56260fd32fdc5e8dc00d901506be95db5",
      "core@2.2.0/src/Array.mo": "7400fd0e6d2550ddb6d01833f67a69109c617032ac445275aabc7c7d188caf8d",
      "core@2.2.0/README.md": "4ae6e5237dbdbc4d71f82cef4f2812f44ccbd8bb4c19c896fb8999efbac8ff7f",
      "core@2.2.0/src/CertifiedData.mo": "5af3182d77ab7aab2384d1f663a8cd992bbd6652aacff29c443314cf2186328f",
      "core@2.2.0/src/Float.mo": "0ca58a2c2e1cbce2a4a963160f5075831fc40f4a7e43cac775e90277ba100b4d",
      "core@2.2.0/src/Int.mo": "03886964690ff75ecd4170decd67653c517dadc65d9957fc644d03e9c1cf9abb",
      "core@2.2.0/src/Char.mo": "ecc2550a6c70ccbb204d216bd18a422d2fcfbb4668a89ac49aab059972902041",
      "core@2.2.0/src/Func.mo": "535991ccca8d551d48129a0b7df03ea7bd6ebf3d74b1b572259d10ce709d7d46",
      "core@2.2.0/src/Debug.mo": "526c3f9d94e4a682917febb7b0021831a7cc345a2aa63e2499ddeda33cf63b3e",
      "core@2.2.0/src/Error.mo": "2112280ea5300ae94ff9188c3bbd75a7db87f0c6eb65c2ac5bf04bc27c851d98",
      "core@2.2.0/src/Cycles.mo": "9f5c1fceea47f05c43f22a1c25e8753fb7e552e36106d27bceef24b1310f4cbc",
      "core@2.2.0/src/Int16.mo": "78c72aafbc039e2c0becc824caa4181158206759d6859e83077db360bc8568c3",
      "core@2.2.0/src/Int64.mo": "f1fda85af9f20b47bcbfda6eaef08c6eee11cab6e5fe3eadb2d9b1c2bcef2e65",
      "core@2.2.0/src/InternetComputer.mo": "969951411beb5caf7d60ba6d5e906a5c70a3b466cee42e1135d1cd3d791cb3a1",
      "core@2.2.0/src/Int32.mo": "41d42155e753ef9fc1301c8823f255134bf2202d4a74ef33e7b7b54a8fc53af4",
      "core@2.2.0/src/Int8.mo": "361af007cfc333937c6bb8e238304db1a7f07a310ec3321a85b89d627f16990f",
      "core@2.2.0/src/Iter.mo": "3627fbf52a392bfa76c6d6803c584b1556add077d0ad214d55802e17acf4d773",
      "core@2.2.0/src/Nat64.mo": "b7ea9f45a35f82c81771c1c36d99d73fdbd9e21f5b0c10e832685f7327246c5e",
      "core@2.2.0/src/List.mo": "263c61ad591bc94f5adfc27517122ce060b9f50425b52e4e01c2d0ed1ced029d",
      "core@2.2.0/src/Nat.mo": "78dab3e33310b766ee9066095a3e6acb1884a8dac32ae9a7cd560637d1e4ea4a",
      "core@2.2.0/src/Nat32.mo": "e3630af6551ae2a80f3809870f55d137c07f68092940c8d9255395504e4e81c8",
      "core@2.2.0/src/Nat8.mo": "e45a6ae2a55ee6ff890d556dc289816b1bdf352d52d4b3ce54e57ae795deffc2",
      "core@2.2.0/src/Map.mo": "71c1dd738868479cc9770470706f6f222ac9d7b4a2743f59b33b16b31fd98ac7",
      "core@2.2.0/src/Nat16.mo": "2b04622ab82be11147130dce8968195c0d4a09b37de8f57d16580673ca780f78",
      "core@2.2.0/src/Option.mo": "aeec94cd6954e7b8b5463a5b15abddfb56c5322cb9b9e7ac782092d5c33a8b38",
      "core@2.2.0/src/Order.mo": "6c21e905e1e8c2b40cd50438218230c207d0bbec0d2514779edd76f9f84a812c",
      "core@2.2.0/src/Principal.mo": "bf4fb0c50fc749ba9d4f4b55d4a11147208b3039a272ce85a8922726ddafe052",
      "core@2.2.0/src/Random.mo": "f5d48c30297b579a068af8cd8c6f4f986605e492b1b65424329a5171d1480e97",
      "core@2.2.0/src/PriorityQueue.mo": "37b9906d1d5a61e520027fd2e48a77facb28ddc760d8129447d6902e037ef7ce",
      "core@2.2.0/src/Queue.mo": "807ae8b4bdcaef6e37c57b65a93a04c0c5ed72f77e315e9916f5a25f62ce424f",
      "core@2.2.0/src/Region.mo": "741a6fae4f61e42fa0a938b00646515edfc96527341a3a2c3936d436c973798b",
      "core@2.2.0/src/Result.mo": "0932722ab0187524c3c11539ccf2a1b9453438a9f3a042dde94e45d9c56a32c5",
      "core@2.2.0/src/Runtime.mo": "d221bd16b45cb717cb4ef4fd698fa8632a415aecbbb5a6fdc8b5cd4bc50a9e56",
      "core@2.2.0/src/Set.mo": "d64fed0989da152d0a4baa81719bef548ad3f461367d5d434d14e98cb18281f0",
      "core@2.2.0/src/Tuples.mo": "0156c1fc21fffedd71d173e0d1b1e7a9a19726cbc49ec1cf49029d6d93bc7955",
      "core@2.2.0/src/Time.mo": "fcffd56cbeb21c3d8613973f3f1ea382babcf122ea93c9689149f0101c5f3e96",
      "core@2.2.0/src/Timer.mo": "389c247eed600fc8195ad1d9872f98fcc92faad96335c9734cf5265d573612e2",
      "core@2.2.0/src/Text.mo": "c23d3f2970234a9553d33aaed7907684d16b220e2cea95ebce02b25c3215e787",
      "core@2.2.0/src/Types.mo": "00dc0132996b3bb3eaf5cc4413be78ca860137ef26f5b472b0e7b3ef68f6652f",
      "core@2.2.0/src/Stack.mo": "ed3c98fae4164ab4f934752f9adc2a92098af8f6d9fc71b16a54867cdb8787f8",
      "core@2.2.0/src/VarArray.mo": "289e68fe216caa39d7d4829b73ccc03ed6e5e2e1d07079e3baa83b55651d1dd8",
      "core@2.2.0/src/internal/BTreeHelper.mo": "20a475baf18f924ee0297fc234469fa0985cdaa31c85ce002b5a921383b0534d",
      "core@2.2.0/src/internal/PRNG.mo": "8a93e87baa2b12f613c82394a4a05b425e44a695bbace4ca36f9a1f78be26442",
      "core@2.2.0/src/WeakReference.mo": "06e58a6d67bf67c4b31ff871416d0cf6d6e34bfb409ce73d83372ef6b74de3cf",
      "core@2.2.0/src/internal/SortHelper.mo": "fff4f2eec5c59a3db13e46eeb69152bb1b98931f45cb58ac481439a0cd0d10bb",
      "core@2.2.0/src/pure/Queue.mo": "ed0bd0968457ea3bb24c5367f0dbdb159cfe950d0e2666224985e57a784fae3b",
      "core@2.2.0/src/pure/List.mo": "b4fb45cf75410461fb1501a316d2384d1be63fee1fccf11ed1d29677e5e2393c",
      "core@2.2.0/src/pure/Map.mo": "e9868fc4dd5e8e6272382e33241c59f8664e3de2e618cbf62fa8b20beabecfab",
      "core@2.2.0/src/pure/RealTimeQueue.mo": "af133ae61c69ce4e00db5e9db53ddeccad84373fef82a156c85360c2426349dd",
      "core@2.2.0/src/pure/Set.mo": "f0155b1d548cbc8889fcff75ef52f0cab7998b034621e4faac8d3b79d7bbac07"
    },
    "sha3@0.1.1": {
      "sha3@0.1.1/LICENSE": "d8d6d16630a5c26202efdc264fb926154c8c5a19115aff6ee5b21a4defd3d430",
      "sha3@0.1.1/src/lib.mo": "2d5c2314b44572b52efaf68d2d9867e5aae3482c9be4c82001821f6472757243",
      "sha3@0.1.1/mops.toml": "4428621816bdfc3439fba82a9fac23fd306ec13b0473b050d8db46b1fefe9595",
      "sha3@0.1.1/README.md": "80674416dba195c8838a08dc92c0d6f5d03f650fb8be946341acc2b78a5ff058"
    },
    "ecdsa@7.1.0": {
      "ecdsa@7.1.0/NOTICE": "ede5d37dbee00172c1a52e9f77625868c1d197196254bc3fd20eb7e45264c93d",
      "ecdsa@7.1.0/README.md": "6bb0d4e8e8627d5ab1fb701db991f8044b0d935c88510fe4395377bc8a6d7144",
      "ecdsa@7.1.0/src/Binary.mo": "b1161b8a886deef66800257f35b61fa8056c854f694635af6a207acd5de90898",
      "ecdsa@7.1.0/mops.toml": "84575b79aea27dae162e45ad58ddbc689bd727c950d3d647c48e495a51d65f1b",
      "ecdsa@7.1.0/LICENSE": "58d1e17ffe5109a7ae296caafcadfdbe6a7d176f0bc4ab01e12a689b0499d8bd",
      "ecdsa@7.1.0/src/Field.mo": "6f37081609c6b12a69330ffe965a05d2775a8470de3cab69f7c1f27253d52bf6",
      "ecdsa@7.1.0/src/Curve.mo": "03ece62eda3cef20854dbe075b53e54425228460dd25dc1d21242bf543bb1100",
      "ecdsa@7.1.0/src/IntExt.mo": "92167166ada440bc14a5c220dae13b2022ee7791c2b7aa2e1c173fd55e5ef114",
      "ecdsa@7.1.0/src/Signature.mo": "6a3f01a86a17697cf0d829d49fd82713d287ca4c5d8b1ac00fd8cc33770c933d",
      "ecdsa@7.1.0/src/Util.mo": "c8dec7375306e78f4b0d54d786ee76079c8090ad5fd60acc9eda0a521c822585",
      "ecdsa@7.1.0/src/Hex.mo": "76715c98840863199b77387fef189601d83eb08a8ab3fb84df3290406d29653b",
      "ecdsa@7.1.0/src/PrivateKey.mo": "7c72be5bade5d1103b81d02aaba4415276dae99dc579dafbe7fe1529a631ae4e",
      "ecdsa@7.1.0/src/lib.mo": "ad1451bc0fd212d797362cbe07cd29fdf5f3eb4f1196b14ff5b388c37d7ae61b",
      "ecdsa@7.1.0/src/KeyCommon.mo": "346156cbf552e957a2225089099b69b8785fca183e207cd349bb475cbe2d88b3",
      "ecdsa@7.1.0/src/PublicKey.mo": "b8b136f3468972272869728f0da792ef446e7105d3fd102907b91fd759669c01"
    },
    "sha2@0.1.6": {
      "sha2@0.1.6/LICENSE": "c71d239df91726fc519c6eb72d318ec65820627232b2f796219e87dcf35d0ab4",
      "sha2@0.1.6/NOTICE": "9e95e2265712704574d13aaa6cab885a11e6ca6d46d70a7dd5286791ed59a1c3",
      "sha2@0.1.6/mops.toml": "d4383b37c01088088e7f3ee9153411a8a653e98949779d7805436da8e012ba6a",
      "sha2@0.1.6/src/Sha256.mo": "dc0d0e5a5950f7786648eee417d1a1a3b8d0e48d1faf48ce4af6378fee6f8453",
      "sha2@0.1.6/src/Sha512.mo": "9983910bc2e8e92dffb58d89607f62cc35a243d6cb5f1bd13076f377d0d8d261",
      "sha2@0.1.6/README.md": "968ade7f520180a097085f468d79a2de8d61b3785057e363ed5117a7eba5a56c"
    },
    "asn1@3.1.0": {
      "asn1@3.1.0/LICENSE": "d29036f192ca54721796c4a5abda5980dd026c43b08cad2dac004d22f5bcde50",
      "asn1@3.1.0/README.md": "ef591928a2ace6719909ee713a016fa41f6c5d954774850a94addaa55e21ba1e",
      "asn1@3.1.0/src/lib.mo": "88e5041f2b67cf2c61ba9a6661f71ff872fc985ce1a159ebbd4d6bbef3cf17b2",
      "asn1@3.1.0/mops.toml": "ce0a1d21093b9a8abda2493dc82f9955a18561d12c411811c708cc512509d607"
    },
    "xtended-iter@1.1.0": {
      "xtended-iter@1.1.0/README.md": "e82aa0ce2c9889494bc472a166b7548e646a631d172a16f1f444f89c9d61eee2",
      "xtended-iter@1.1.0/LICENSE": "899ee41cfd1fde1c8c08b0c76e5dd84e12f9e7182694a4462129ee21881d53db",
      "xtended-iter@1.1.0/src/IterX.mo": "e655f38bccffa205df0bc62d5eeb69f4c6c46ec1fd0b67930a3a37f29bc0cbf3",
      "xtended-iter@1.1.0/mops.toml": "383eadb55eb1b55a7e6ac46a643e38783c2769628ca926a0869577f2f340e35d",
      "xtended-iter@1.1.0/src/PeekableIter.mo": "00e7c32b40d5cf6fe35e6fe6ec3408bd15c18dfc67d1501cd870455aace538fc"
    },
    "base-x-encoder@2.1.0": {
      "base-x-encoder@2.1.0/src/lib.mo": "81d58fea5022a112130726874c98e38138a771606716052be6b9b24f970cba80",
      "base-x-encoder@2.1.0/LICENSE": "d29036f192ca54721796c4a5abda5980dd026c43b08cad2dac004d22f5bcde50",
      "base-x-encoder@2.1.0/mops.toml": "b03a70d5bd29a89ed747b8511be968d1cf252413ddc4072955d503c2f7762fad",
      "base-x-encoder@2.1.0/README.md": "8d2758dde93f9953f27b9da69480435e3b786fcdc85a0d666ef8adba20ef0768"
    },
    "hmac@1.1.0": {
      "hmac@1.1.0/LICENSE": "4458503dd48e88c4e0b945fb252a08b93c40ec757309b8ffa7c594dfa1e35104",
      "hmac@1.1.0/src/lib.mo": "c627898e409128728d5e255412f08c9c618f50cbd4cdf07855a23f2f1cbd61c9",
      "hmac@1.1.0/mops.toml": "04ee853b499d46664597f5d701042460a7111918c500897ab4aec72e5dbded9d",
      "hmac@1.1.0/README.md": "5c81a86af77cc8409d9b17a14bb29d589ba902672b70648405b0ef7834fe76b2"
    },
    "chacha@1.0.1": {
      "chacha@1.0.1/README.md": "e40d4eae53935a42d28f2d5d9855098ec402984a4f80b04571c7a1bcc732ae60",
      "chacha@1.0.1/src/Poly1305.mo": "853043521a74eaa1aa94e4e5aec2377a514f29ed88e8d686a69037dee229229c",
      "chacha@1.0.1/mops.toml": "517e1d7ab5e101c36ee90cae6d775b4a716915ae70e4ed6d2c1738683a5b2075",
      "chacha@1.0.1/src/lib.mo": "4aa8c338fa2396c51765e495adbcb99ad2c255d33452f8c4cf53a3ee6ab00764",
      "chacha@1.0.1/src/Performance.mo": "2778b45adb78fca6a134e0dde3e031426749221810cfb0cbcc1b8335ce3592b7",
      "chacha@1.0.1/src/Chacha20.mo": "cd0a9ae963524ab1d1c266228bc2334994a59c4e59ac55d9192e5d6b77991453",
      "chacha@1.0.1/LICENSE": "b557018a5cdb4fe9c3115c64485f604d2b99d57e509a7813daa58c91e9945424"
    },
    "vector@0.4.1": {
      "vector@0.4.1/mops.toml": "ef733cec14cad0daababe2df3134ac4da46eefebb778b93c3076701eed27caba",
      "vector@0.4.1/NOTICE": "71e037856ba594c2b26f5d97a1f77a907ab2013af8cbb124857ca8b53022f83f",
      "vector@0.4.1/LICENSE": "c71d239df91726fc519c6eb72d318ec65820627232b2f796219e87dcf35d0ab4",
      "vector@0.4.1/src/Class.mo": "5c5ad6caf6d1c2c38b071eadb6da66fcdc002ab5e8b427ce9827d9ecb4ab78a5",
      "vector@0.4.1/README.md": "4a09aa037e996de272ffe72f5e4f92171a5f1c67e17755e4cf6fdada9778c360",
      "vector@0.4.1/src/lib.mo": "5db47b6aef87a9b39794effb7e3e4cdc4adfab9670d9de80e8735f76ad1876d5"
    },
    "ic-vetkeys@0.4.0": {
      "ic-vetkeys@0.4.0/src/ManagementCanister.mo": "9e2d77fef32fbe76c7dedfed8513a25ab680e3eb1a13b8568231355d8d7c53e4",
      "ic-vetkeys@0.4.0/README.md": "caa7385ff105fbc70e9875221a85d0e0db1b401f60d959d7b38c345a00311cd5",
      "ic-vetkeys@0.4.0/src/Types.mo": "dc41da19ba8df04028df590064e0daca0573054f6913108341e69ced61cc045c",
      "ic-vetkeys@0.4.0/src/lib.mo": "ec087d82cc47dbd4ab75670e26cdf93ddbb932d3d990bfa4de24fbb5c0f1bdd9",
      "ic-vetkeys@0.4.0/LICENSE": "a6cba85bc92e0cff7a450b1d873c0eaa2e9fc96bf472df0247a26bec77bf3ff9",
      "ic-vetkeys@0.4.0/mops.toml": "d8323219d0345ea09393235ffbb77235ea60ca330f7e30bc9abf5aa4252044e4",
      "ic-vetkeys@0.4.0/src/encrypted_maps/EncryptedMaps.mo": "f20eb6fd2d2f500bbb9cf700968cf4392e08ebca931c9cba82473a568dfb7153",
      "ic-vetkeys@0.4.0/src/key_manager/KeyManager.mo": "d1655daf68ce1f8798fc06e53a24695b50d2ccf9562fa2a284aa3ccf17302ec8"
    },
    "test@2.1.2": {
      "test@2.1.2/LICENSE": "ec415b57f8143746b567c94bfad243f5342f3edf110c94641a1a60e02722db55",
      "test@2.1.2/src/utils.mo": "6b81172d908c2fb759597373b811e22a987d4cd69f1aa69615da252bed6e7466",
      "test@2.1.2/src/lib.mo": "e4559fbc3bcd229fb99de7dcdd68d56319ae8bc27509d6f3ad6d13c514915a39",
      "test@2.1.2/src/async.mo": "79b433a5d32184d0cad289f0b7ee6cd2256534689a015430efc43e3510c2217a",
      "test@2.1.2/README.md": "991a9ea896698d7ef1e7e55d038c7580d68182b3d30f78886304e374c64fbc01",
      "test@2.1.2/src/expect/async.mo": "c1518bd82ef8c2def86bc6b5fc1df1691eab9935adacc413cab4fe9f1eda6f4a",
      "test@2.1.2/mops.toml": "83e5024af6a5558f18a41b3ab8b60291f65e8470c0375c7e880896ccb02edf14",
      "test@2.1.2/src/expect/expect-array.mo": "f5e6808b28c5948a40e11def8f5534bcacef1211a0b6f02e63e8653e5ee5e6aa",
      "test@2.1.2/src/expect/expect-char.mo": "7464e454a815e76e9d56989d59b8eda8781dd7dd28019ada3c513b764a5ff863",
      "test@2.1.2/src/expect/expect-int16.mo": "15dfb2b13e74819d9f02927708c8f7cbbb8e0b13c0a9b249d843b16c3bcf4659",
      "test@2.1.2/src/expect/expect-blob.mo": "944d92855573f5056d10cab2ee67f5ca153a792de9aa5074ccb0da7417a77ceb",
      "test@2.1.2/src/expect/expect-int.mo": "67837bcbd681bc180a8c528defab5153d9f8aaf4998b91ca3f787e714011cdf6",
      "test@2.1.2/src/expect/expect-call.mo": "9aeeb5d56f753586e685fd3a7544b4a895e9e2a1f01f2c3423c66f87059512eb",
      "test@2.1.2/src/expect/expect-bool.mo": "dd663249dd67d5ff5241a8ecb9b16e016abe24f0570e5aac8b912fc312e4a5d4",
      "test@2.1.2/src/expect/expect-int32.mo": "577cc992737c99f07df7eb71462bb99f0b9b34727a4edf31dea88a7aff2bd48a",
      "test@2.1.2/src/expect/expect-int64.mo": "c3d0025bca7dcda18872b5ea59baad9f485b33647a7118af45a12700793f3c19",
      "test@2.1.2/src/expect/expect-int8.mo": "a88f864f471413fd4fe8300b828805a9e95c42278d55aa4351526d3c4f3c1e2c",
      "test@2.1.2/src/expect/expect-nat8.mo": "2b5145da40599eb01ef5fe6807162cc9b2a5fbe5044fd4003ebdf6bf26cbf4b6",
      "test@2.1.2/src/expect/expect-nat16.mo": "eff67a91dc8eed0478d3558c1900257802c5c6c527d13f4ef6726ebd53492d6a",
      "test@2.1.2/src/expect/expect-nat32.mo": "3ea76a0c53c806fad57d768ca79702c65faaf85b69ad61e49688b90d9a32094b",
      "test@2.1.2/src/expect/expect-nat.mo": "0f9cefc54f429a48a5ec1eb2f26bb73f771b6ca165fac300bf7228633429b049",
      "test@2.1.2/src/expect/expect-nat64.mo": "13536637dbb595bceec51db56c7cfc39221a9d5b5ea23baee66d19d6103f600f",
      "test@2.1.2/src/expect/expect-option.mo": "d5f2bce86a6f5c8e0bdbe1a72f1cbb80b01d3822b73da90239b84d91cb0af5d6",
      "test@2.1.2/src/expect/expect-principal.mo": "93842843aa02bde6cdb94ee4daa35ed95d4b2da87bc228689b9cc8c5d9bdc178",
      "test@2.1.2/src/expect/expect-text.mo": "ffb21d802a48411ed45555e82edd5b5a82c91eb37b88c5d8d061880bab897735",
      "test@2.1.2/src/expect/lib.mo": "b74da3928ed8c23c31b5979059f0ac549cd7f09e7a29af9b105d8f9e32e192ed",
      "test@2.1.2/src/expect/utils.mo": "22e364d2ec8285c09ace83cb99b3257ba66a87cfe0312f6623ab0ab35ce47009",
      "test@2.1.2/src/expect/expect-result.mo": "3c03969dc0f08c80fa003ab23760a933f47ac928834734faca0f62fe940d3ab9"
    }
  }
}